// !$*UTF8*$!
{
	archiveVersion = 1;
	classes = {
	};
	objectVersion = 55;
	objects = {

/* Begin PBXBuildFile section */
		138B01392797B67B008F558A /* AppDelegate.swift in Sources */ = {isa = PBXBuildFile; fileRef = 138B01382797B67B008F558A /* AppDelegate.swift */; };
		138B013B2797B67B008F558A /* SceneDelegate.swift in Sources */ = {isa = PBXBuildFile; fileRef = 138B013A2797B67B008F558A /* SceneDelegate.swift */; };
		138B01432797B67B008F558A /* OtoTest.xcdatamodeld in Sources */ = {isa = PBXBuildFile; fileRef = 138B01412797B67B008F558A /* OtoTest.xcdatamodeld */; };
		138B01452797B67D008F558A /* Assets.xcassets in Resources */ = {isa = PBXBuildFile; fileRef = 138B01442797B67D008F558A /* Assets.xcassets */; };
		138B01482797B67D008F558A /* LaunchScreen.storyboard in Resources */ = {isa = PBXBuildFile; fileRef = 138B01462797B67D008F558A /* LaunchScreen.storyboard */; };
		138B01532797B67D008F558A /* OtoTestTests.swift in Sources */ = {isa = PBXBuildFile; fileRef = 138B01522797B67D008F558A /* OtoTestTests.swift */; };
		138B015D2797B67D008F558A /* OtoTestUITests.swift in Sources */ = {isa = PBXBuildFile; fileRef = 138B015C2797B67D008F558A /* OtoTestUITests.swift */; };
		138B015F2797B67D008F558A /* OtoTestUITestsLaunchTests.swift in Sources */ = {isa = PBXBuildFile; fileRef = 138B015E2797B67D008F558A /* OtoTestUITestsLaunchTests.swift */; };
		138B016E2797B776008F558A /* ListPost.storyboard in Resources */ = {isa = PBXBuildFile; fileRef = 138B016D2797B776008F558A /* ListPost.storyboard */; };
		138B01702797B995008F558A /* ListPostViewController.swift in Sources */ = {isa = PBXBuildFile; fileRef = 138B016F2797B995008F558A /* ListPostViewController.swift */; };
		138B01762797BDA3008F558A /* ListPostItemTableViewCell.swift in Sources */ = {isa = PBXBuildFile; fileRef = 138B01742797BDA3008F558A /* ListPostItemTableViewCell.swift */; };
		138B01772797BDA3008F558A /* ListPostItemTableViewCell.xib in Resources */ = {isa = PBXBuildFile; fileRef = 138B01752797BDA3008F558A /* ListPostItemTableViewCell.xib */; };
		138B01792797C018008F558A /* ListPostViewModel.swift in Sources */ = {isa = PBXBuildFile; fileRef = 138B01782797C018008F558A /* ListPostViewModel.swift */; };
		138B017D2797C04A008F558A /* LoadingScreen.swift in Sources */ = {isa = PBXBuildFile; fileRef = 138B017B2797C04A008F558A /* LoadingScreen.swift */; };
		138B017E2797C04A008F558A /* Constants.swift in Sources */ = {isa = PBXBuildFile; fileRef = 138B017C2797C04A008F558A /* Constants.swift */; };
		138B01812797C06B008F558A /* WebService.swift in Sources */ = {isa = PBXBuildFile; fileRef = 138B01802797C06B008F558A /* WebService.swift */; };
		138B01842797C0C3008F558A /* String+Extensions.swift in Sources */ = {isa = PBXBuildFile; fileRef = 138B01832797C0C3008F558A /* String+Extensions.swift */; };
		138B01892797C116008F558A /* Post.swift in Sources */ = {isa = PBXBuildFile; fileRef = 138B01882797C116008F558A /* Post.swift */; };
		138B01932797D52C008F558A /* Post.storyboard in Resources */ = {isa = PBXBuildFile; fileRef = 138B01912797D52C008F558A /* Post.storyboard */; };
		138B01942797D52C008F558A /* PostViewController.swift in Sources */ = {isa = PBXBuildFile; fileRef = 138B01922797D52C008F558A /* PostViewController.swift */; };
		138B01992797E338008F558A /* CreatePostViewController.swift in Sources */ = {isa = PBXBuildFile; fileRef = 138B01982797E338008F558A /* CreatePostViewController.swift */; };
		138B019B2797E35D008F558A /* CreatePost.storyboard in Resources */ = {isa = PBXBuildFile; fileRef = 138B019A2797E35D008F558A /* CreatePost.storyboard */; };
/* End PBXBuildFile section */

/* Begin PBXContainerItemProxy section */
		138B014F2797B67D008F558A /* PBXContainerItemProxy */ = {
			isa = PBXContainerItemProxy;
			containerPortal = 138B012D2797B67B008F558A /* Project object */;
			proxyType = 1;
			remoteGlobalIDString = 138B01342797B67B008F558A;
			remoteInfo = OtoTest;
		};
		138B01592797B67D008F558A /* PBXContainerItemProxy */ = {
			isa = PBXContainerItemProxy;
			containerPortal = 138B012D2797B67B008F558A /* Project object */;
			proxyType = 1;
			remoteGlobalIDString = 138B01342797B67B008F558A;
			remoteInfo = OtoTest;
		};
/* End PBXContainerItemProxy section */

/* Begin PBXFileReference section */
		138B01352797B67B008F558A /* OtoTest.app */ = {isa = PBXFileReference; explicitFileType = wrapper.application; includeInIndex = 0; path = OtoTest.app; sourceTree = BUILT_PRODUCTS_DIR; };
		138B01382797B67B008F558A /* AppDelegate.swift */ = {isa = PBXFileReference; lastKnownFileType = sourcecode.swift; path = AppDelegate.swift; sourceTree = "<group>"; };
		138B013A2797B67B008F558A /* SceneDelegate.swift */ = {isa = PBXFileReference; lastKnownFileType = sourcecode.swift; path = SceneDelegate.swift; sourceTree = "<group>"; };
		138B01422797B67B008F558A /* OtoTest.xcdatamodel */ = {isa = PBXFileReference; lastKnownFileType = wrapper.xcdatamodel; path = OtoTest.xcdatamodel; sourceTree = "<group>"; };
		138B01442797B67D008F558A /* Assets.xcassets */ = {isa = PBXFileReference; lastKnownFileType = folder.assetcatalog; path = Assets.xcassets; sourceTree = "<group>"; };
		138B01472797B67D008F558A /* Base */ = {isa = PBXFileReference; lastKnownFileType = file.storyboard; name = Base; path = Base.lproj/LaunchScreen.storyboard; sourceTree = "<group>"; };
		138B01492797B67D008F558A /* Info.plist */ = {isa = PBXFileReference; lastKnownFileType = text.plist.xml; path = Info.plist; sourceTree = "<group>"; };
		138B014E2797B67D008F558A /* OtoTestTests.xctest */ = {isa = PBXFileReference; explicitFileType = wrapper.cfbundle; includeInIndex = 0; path = OtoTestTests.xctest; sourceTree = BUILT_PRODUCTS_DIR; };
		138B01522797B67D008F558A /* OtoTestTests.swift */ = {isa = PBXFileReference; lastKnownFileType = sourcecode.swift; path = OtoTestTests.swift; sourceTree = "<group>"; };
		138B01582797B67D008F558A /* OtoTestUITests.xctest */ = {isa = PBXFileReference; explicitFileType = wrapper.cfbundle; includeInIndex = 0; path = OtoTestUITests.xctest; sourceTree = BUILT_PRODUCTS_DIR; };
		138B015C2797B67D008F558A /* OtoTestUITests.swift */ = {isa = PBXFileReference; lastKnownFileType = sourcecode.swift; path = OtoTestUITests.swift; sourceTree = "<group>"; };
		138B015E2797B67D008F558A /* OtoTestUITestsLaunchTests.swift */ = {isa = PBXFileReference; lastKnownFileType = sourcecode.swift; path = OtoTestUITestsLaunchTests.swift; sourceTree = "<group>"; };
		138B016D2797B776008F558A /* ListPost.storyboard */ = {isa = PBXFileReference; lastKnownFileType = file.storyboard; path = ListPost.storyboard; sourceTree = "<group>"; };
		138B016F2797B995008F558A /* ListPostViewController.swift */ = {isa = PBXFileReference; lastKnownFileType = sourcecode.swift; path = ListPostViewController.swift; sourceTree = "<group>"; };
		138B01742797BDA3008F558A /* ListPostItemTableViewCell.swift */ = {isa = PBXFileReference; lastKnownFileType = sourcecode.swift; path = ListPostItemTableViewCell.swift; sourceTree = "<group>"; };
		138B01752797BDA3008F558A /* ListPostItemTableViewCell.xib */ = {isa = PBXFileReference; lastKnownFileType = file.xib; path = ListPostItemTableViewCell.xib; sourceTree = "<group>"; };
		138B01782797C018008F558A /* ListPostViewModel.swift */ = {isa = PBXFileReference; lastKnownFileType = sourcecode.swift; path = ListPostViewModel.swift; sourceTree = "<group>"; };
		138B017B2797C04A008F558A /* LoadingScreen.swift */ = {isa = PBXFileReference; fileEncoding = 4; lastKnownFileType = sourcecode.swift; path = LoadingScreen.swift; sourceTree = "<group>"; };
		138B017C2797C04A008F558A /* Constants.swift */ = {isa = PBXFileReference; fileEncoding = 4; lastKnownFileType = sourcecode.swift; path = Constants.swift; sourceTree = "<group>"; };
		138B01802797C06B008F558A /* WebService.swift */ = {isa = PBXFileReference; fileEncoding = 4; lastKnownFileType = sourcecode.swift; path = WebService.swift; sourceTree = "<group>"; };
		138B01832797C0C3008F558A /* String+Extensions.swift */ = {isa = PBXFileReference; lastKnownFileType = sourcecode.swift; path = "String+Extensions.swift"; sourceTree = "<group>"; };
		138B01882797C116008F558A /* Post.swift */ = {isa = PBXFileReference; lastKnownFileType = sourcecode.swift; path = Post.swift; sourceTree = "<group>"; };
		138B01912797D52C008F558A /* Post.storyboard */ = {isa = PBXFileReference; fileEncoding = 4; lastKnownFileType = file.storyboard; path = Post.storyboard; sourceTree = "<group>"; };
		138B01922797D52C008F558A /* PostViewController.swift */ = {isa = PBXFileReference; fileEncoding = 4; lastKnownFileType = sourcecode.swift; path = PostViewController.swift; sourceTree = "<group>"; };
		138B01982797E338008F558A /* CreatePostViewController.swift */ = {isa = PBXFileReference; lastKnownFileType = sourcecode.swift; path = CreatePostViewController.swift; sourceTree = "<group>"; };
		138B019A2797E35D008F558A /* CreatePost.storyboard */ = {isa = PBXFileReference; lastKnownFileType = file.storyboard; path = CreatePost.storyboard; sourceTree = "<group>"; };
/* End PBXFileReference section */

/* Begin PBXFrameworksBuildPhase section */
		138B01322797B67B008F558A /* Frameworks */ = {
			isa = PBXFrameworksBuildPhase;
			buildActionMask = 2147483647;
			files = (
			);
			runOnlyForDeploymentPostprocessing = 0;
		};
		138B014B2797B67D008F558A /* Frameworks */ = {
			isa = PBXFrameworksBuildPhase;
			buildActionMask = 2147483647;
			files = (
			);
			runOnlyForDeploymentPostprocessing = 0;
		};
		138B01552797B67D008F558A /* Frameworks */ = {
			isa = PBXFrameworksBuildPhase;
			buildActionMask = 2147483647;
			files = (
			);
			runOnlyForDeploymentPostprocessing = 0;
		};
/* End PBXFrameworksBuildPhase section */

/* Begin PBXGroup section */
		138B012C2797B67B008F558A = {
			isa = PBXGroup;
			children = (
				138B01372797B67B008F558A /* OtoTest */,
				138B01512797B67D008F558A /* OtoTestTests */,
				138B015B2797B67D008F558A /* OtoTestUITests */,
				138B01362797B67B008F558A /* Products */,
			);
			sourceTree = "<group>";
		};
		138B01362797B67B008F558A /* Products */ = {
			isa = PBXGroup;
			children = (
				138B01352797B67B008F558A /* OtoTest.app */,
				138B014E2797B67D008F558A /* OtoTestTests.xctest */,
				138B01582797B67D008F558A /* OtoTestUITests.xctest */,
			);
			name = Products;
			sourceTree = "<group>";
		};
		138B01372797B67B008F558A /* OtoTest */ = {
			isa = PBXGroup;
			children = (
				138B01822797C0B3008F558A /* Extensions */,
				138B017F2797C05A008F558A /* Services */,
				138B017A2797C040008F558A /* Utils */,
				138B016B2797B73B008F558A /* Features */,
				138B01382797B67B008F558A /* AppDelegate.swift */,
				138B013A2797B67B008F558A /* SceneDelegate.swift */,
				138B01442797B67D008F558A /* Assets.xcassets */,
				138B01462797B67D008F558A /* LaunchScreen.storyboard */,
				138B01492797B67D008F558A /* Info.plist */,
				138B01412797B67B008F558A /* OtoTest.xcdatamodeld */,
			);
			path = OtoTest;
			sourceTree = "<group>";
		};
		138B01512797B67D008F558A /* OtoTestTests */ = {
			isa = PBXGroup;
			children = (
				138B01522797B67D008F558A /* OtoTestTests.swift */,
			);
			path = OtoTestTests;
			sourceTree = "<group>";
		};
		138B015B2797B67D008F558A /* OtoTestUITests */ = {
			isa = PBXGroup;
			children = (
				138B015C2797B67D008F558A /* OtoTestUITests.swift */,
				138B015E2797B67D008F558A /* OtoTestUITestsLaunchTests.swift */,
			);
			path = OtoTestUITests;
			sourceTree = "<group>";
		};
		138B016B2797B73B008F558A /* Features */ = {
			isa = PBXGroup;
			children = (
				138B01962797E2FB008F558A /* Create */,
				138B018B2797C5EA008F558A /* Post */,
				138B016C2797B741008F558A /* ListPost */,
			);
			path = Features;
			sourceTree = "<group>";
		};
		138B016C2797B741008F558A /* ListPost */ = {
			isa = PBXGroup;
			children = (
				138B01852797C0E4008F558A /* Model */,
				138B01722797BAD8008F558A /* View */,
				138B01712797BAD3008F558A /* ViewModel */,
			);
			path = ListPost;
			sourceTree = "<group>";
		};
		138B01712797BAD3008F558A /* ViewModel */ = {
			isa = PBXGroup;
			children = (
				138B01782797C018008F558A /* ListPostViewModel.swift */,
			);
			path = ViewModel;
			sourceTree = "<group>";
		};
		138B01722797BAD8008F558A /* View */ = {
			isa = PBXGroup;
			children = (
				138B016F2797B995008F558A /* ListPostViewController.swift */,
				138B016D2797B776008F558A /* ListPost.storyboard */,
				138B01732797BD7D008F558A /* CustomCell */,
			);
			path = View;
			sourceTree = "<group>";
		};
		138B01732797BD7D008F558A /* CustomCell */ = {
			isa = PBXGroup;
			children = (
				138B01742797BDA3008F558A /* ListPostItemTableViewCell.swift */,
				138B01752797BDA3008F558A /* ListPostItemTableViewCell.xib */,
			);
			name = CustomCell;
			sourceTree = "<group>";
		};
		138B017A2797C040008F558A /* Utils */ = {
			isa = PBXGroup;
			children = (
				138B017C2797C04A008F558A /* Constants.swift */,
				138B017B2797C04A008F558A /* LoadingScreen.swift */,
			);
			path = Utils;
			sourceTree = "<group>";
		};
		138B017F2797C05A008F558A /* Services */ = {
			isa = PBXGroup;
			children = (
				138B01802797C06B008F558A /* WebService.swift */,
			);
			path = Services;
			sourceTree = "<group>";
		};
		138B01822797C0B3008F558A /* Extensions */ = {
			isa = PBXGroup;
			children = (
				138B01832797C0C3008F558A /* String+Extensions.swift */,
			);
			path = Extensions;
			sourceTree = "<group>";
		};
		138B01852797C0E4008F558A /* Model */ = {
			isa = PBXGroup;
			children = (
			);
			path = Model;
			sourceTree = "<group>";
		};
		138B018B2797C5EA008F558A /* Post */ = {
			isa = PBXGroup;
			children = (
				138B018E2797C613008F558A /* Model */,
				138B018D2797C5FC008F558A /* ViewModel */,
				138B018C2797C5F8008F558A /* View */,
			);
			path = Post;
			sourceTree = "<group>";
		};
		138B018C2797C5F8008F558A /* View */ = {
			isa = PBXGroup;
			children = (
				138B01912797D52C008F558A /* Post.storyboard */,
				138B01922797D52C008F558A /* PostViewController.swift */,
			);
			path = View;
			sourceTree = "<group>";
		};
		138B018D2797C5FC008F558A /* ViewModel */ = {
			isa = PBXGroup;
			children = (
			);
			path = ViewModel;
			sourceTree = "<group>";
		};
		138B018E2797C613008F558A /* Model */ = {
			isa = PBXGroup;
			children = (
				138B01882797C116008F558A /* Post.swift */,
			);
			path = Model;
			sourceTree = "<group>";
		};
		138B01962797E2FB008F558A /* Create */ = {
			isa = PBXGroup;
			children = (
				138B01972797E31A008F558A /* View */,
			);
			path = Create;
			sourceTree = "<group>";
		};
		138B01972797E31A008F558A /* View */ = {
			isa = PBXGroup;
			children = (
				138B01982797E338008F558A /* CreatePostViewController.swift */,
				138B019A2797E35D008F558A /* CreatePost.storyboard */,
			);
			path = View;
			sourceTree = "<group>";
		};
/* End PBXGroup section */

/* Begin PBXNativeTarget section */
		138B01342797B67B008F558A /* OtoTest */ = {
			isa = PBXNativeTarget;
			buildConfigurationList = 138B01622797B67D008F558A /* Build configuration list for PBXNativeTarget "OtoTest" */;
			buildPhases = (
				138B01312797B67B008F558A /* Sources */,
				138B01322797B67B008F558A /* Frameworks */,
				138B01332797B67B008F558A /* Resources */,
			);
			buildRules = (
			);
			dependencies = (
			);
			name = OtoTest;
			productName = OtoTest;
			productReference = 138B01352797B67B008F558A /* OtoTest.app */;
			productType = "com.apple.product-type.application";
		};
		138B014D2797B67D008F558A /* OtoTestTests */ = {
			isa = PBXNativeTarget;
			buildConfigurationList = 138B01652797B67D008F558A /* Build configuration list for PBXNativeTarget "OtoTestTests" */;
			buildPhases = (
				138B014A2797B67D008F558A /* Sources */,
				138B014B2797B67D008F558A /* Frameworks */,
				138B014C2797B67D008F558A /* Resources */,
			);
			buildRules = (
			);
			dependencies = (
				138B01502797B67D008F558A /* PBXTargetDependency */,
			);
			name = OtoTestTests;
			productName = OtoTestTests;
			productReference = 138B014E2797B67D008F558A /* OtoTestTests.xctest */;
			productType = "com.apple.product-type.bundle.unit-test";
		};
		138B01572797B67D008F558A /* OtoTestUITests */ = {
			isa = PBXNativeTarget;
			buildConfigurationList = 138B01682797B67D008F558A /* Build configuration list for PBXNativeTarget "OtoTestUITests" */;
			buildPhases = (
				138B01542797B67D008F558A /* Sources */,
				138B01552797B67D008F558A /* Frameworks */,
				138B01562797B67D008F558A /* Resources */,
			);
			buildRules = (
			);
			dependencies = (
				138B015A2797B67D008F558A /* PBXTargetDependency */,
			);
			name = OtoTestUITests;
			productName = OtoTestUITests;
			productReference = 138B01582797B67D008F558A /* OtoTestUITests.xctest */;
			productType = "com.apple.product-type.bundle.ui-testing";
		};
/* End PBXNativeTarget section */

/* Begin PBXProject section */
		138B012D2797B67B008F558A /* Project object */ = {
			isa = PBXProject;
			attributes = {
				BuildIndependentTargetsInParallel = 1;
				LastSwiftUpdateCheck = 1320;
				LastUpgradeCheck = 1320;
				TargetAttributes = {
					138B01342797B67B008F558A = {
						CreatedOnToolsVersion = 13.2.1;
					};
					138B014D2797B67D008F558A = {
						CreatedOnToolsVersion = 13.2.1;
						TestTargetID = 138B01342797B67B008F558A;
					};
					138B01572797B67D008F558A = {
						CreatedOnToolsVersion = 13.2.1;
						TestTargetID = 138B01342797B67B008F558A;
					};
				};
			};
			buildConfigurationList = 138B01302797B67B008F558A /* Build configuration list for PBXProject "OtoTest" */;
			compatibilityVersion = "Xcode 13.0";
			developmentRegion = en;
			hasScannedForEncodings = 0;
			knownRegions = (
				en,
				Base,
			);
			mainGroup = 138B012C2797B67B008F558A;
			productRefGroup = 138B01362797B67B008F558A /* Products */;
			projectDirPath = "";
			projectRoot = "";
			targets = (
				138B01342797B67B008F558A /* OtoTest */,
				138B014D2797B67D008F558A /* OtoTestTests */,
				138B01572797B67D008F558A /* OtoTestUITests */,
			);
		};
/* End PBXProject section */

/* Begin PBXResourcesBuildPhase section */
		138B01332797B67B008F558A /* Resources */ = {
			isa = PBXResourcesBuildPhase;
			buildActionMask = 2147483647;
			files = (
				138B019B2797E35D008F558A /* CreatePost.storyboard in Resources */,
				138B016E2797B776008F558A /* ListPost.storyboard in Resources */,
				138B01482797B67D008F558A /* LaunchScreen.storyboard in Resources */,
				138B01932797D52C008F558A /* Post.storyboard in Resources */,
				138B01772797BDA3008F558A /* ListPostItemTableViewCell.xib in Resources */,
				138B01452797B67D008F558A /* Assets.xcassets in Resources */,
			);
			runOnlyForDeploymentPostprocessing = 0;
		};
		138B014C2797B67D008F558A /* Resources */ = {
			isa = PBXResourcesBuildPhase;
			buildActionMask = 2147483647;
			files = (
			);
			runOnlyForDeploymentPostprocessing = 0;
		};
		138B01562797B67D008F558A /* Resources */ = {
			isa = PBXResourcesBuildPhase;
			buildActionMask = 2147483647;
			files = (
			);
			runOnlyForDeploymentPostprocessing = 0;
		};
/* End PBXResourcesBuildPhase section */

/* Begin PBXSourcesBuildPhase section */
		138B01312797B67B008F558A /* Sources */ = {
			isa = PBXSourcesBuildPhase;
			buildActionMask = 2147483647;
			files = (
				138B01842797C0C3008F558A /* String+Extensions.swift in Sources */,
				138B01812797C06B008F558A /* WebService.swift in Sources */,
				138B01702797B995008F558A /* ListPostViewController.swift in Sources */,
				138B01892797C116008F558A /* Post.swift in Sources */,
				138B01992797E338008F558A /* CreatePostViewController.swift in Sources */,
				138B017D2797C04A008F558A /* LoadingScreen.swift in Sources */,
				138B01392797B67B008F558A /* AppDelegate.swift in Sources */,
				138B01432797B67B008F558A /* OtoTest.xcdatamodeld in Sources */,
				138B013B2797B67B008F558A /* SceneDelegate.swift in Sources */,
				138B01792797C018008F558A /* ListPostViewModel.swift in Sources */,
				138B01942797D52C008F558A /* PostViewController.swift in Sources */,
				138B01762797BDA3008F558A /* ListPostItemTableViewCell.swift in Sources */,
				138B017E2797C04A008F558A /* Constants.swift in Sources */,
			);
			runOnlyForDeploymentPostprocessing = 0;
		};
		138B014A2797B67D008F558A /* Sources */ = {
			isa = PBXSourcesBuildPhase;
			buildActionMask = 2147483647;
			files = (
				138B01532797B67D008F558A /* OtoTestTests.swift in Sources */,
			);
			runOnlyForDeploymentPostprocessing = 0;
		};
		138B01542797B67D008F558A /* Sources */ = {
			isa = PBXSourcesBuildPhase;
			buildActionMask = 2147483647;
			files = (
				138B015D2797B67D008F558A /* OtoTestUITests.swift in Sources */,
				138B015F2797B67D008F558A /* OtoTestUITestsLaunchTests.swift in Sources */,
			);
			runOnlyForDeploymentPostprocessing = 0;
		};
/* End PBXSourcesBuildPhase section */

/* Begin PBXTargetDependency section */
		138B01502797B67D008F558A /* PBXTargetDependency */ = {
			isa = PBXTargetDependency;
			target = 138B01342797B67B008F558A /* OtoTest */;
			targetProxy = 138B014F2797B67D008F558A /* PBXContainerItemProxy */;
		};
		138B015A2797B67D008F558A /* PBXTargetDependency */ = {
			isa = PBXTargetDependency;
			target = 138B01342797B67B008F558A /* OtoTest */;
			targetProxy = 138B01592797B67D008F558A /* PBXContainerItemProxy */;
		};
/* End PBXTargetDependency section */

/* Begin PBXVariantGroup section */
		138B01462797B67D008F558A /* LaunchScreen.storyboard */ = {
			isa = PBXVariantGroup;
			children = (
				138B01472797B67D008F558A /* Base */,
			);
			name = LaunchScreen.storyboard;
			sourceTree = "<group>";
		};
/* End PBXVariantGroup section */

/* Begin XCBuildConfiguration section */
		138B01602797B67D008F558A /* Debug */ = {
			isa = XCBuildConfiguration;
			buildSettings = {
				ALWAYS_SEARCH_USER_PATHS = NO;
				CLANG_ANALYZER_NONNULL = YES;
				CLANG_ANALYZER_NUMBER_OBJECT_CONVERSION = YES_AGGRESSIVE;
				CLANG_CXX_LANGUAGE_STANDARD = "gnu++17";
				CLANG_CXX_LIBRARY = "libc++";
				CLANG_ENABLE_MODULES = YES;
				CLANG_ENABLE_OBJC_ARC = YES;
				CLANG_ENABLE_OBJC_WEAK = YES;
				CLANG_WARN_BLOCK_CAPTURE_AUTORELEASING = YES;
				CLANG_WARN_BOOL_CONVERSION = YES;
				CLANG_WARN_COMMA = YES;
				CLANG_WARN_CONSTANT_CONVERSION = YES;
				CLANG_WARN_DEPRECATED_OBJC_IMPLEMENTATIONS = YES;
				CLANG_WARN_DIRECT_OBJC_ISA_USAGE = YES_ERROR;
				CLANG_WARN_DOCUMENTATION_COMMENTS = YES;
				CLANG_WARN_EMPTY_BODY = YES;
				CLANG_WARN_ENUM_CONVERSION = YES;
				CLANG_WARN_INFINITE_RECURSION = YES;
				CLANG_WARN_INT_CONVERSION = YES;
				CLANG_WARN_NON_LITERAL_NULL_CONVERSION = YES;
				CLANG_WARN_OBJC_IMPLICIT_RETAIN_SELF = YES;
				CLANG_WARN_OBJC_LITERAL_CONVERSION = YES;
				CLANG_WARN_OBJC_ROOT_CLASS = YES_ERROR;
				CLANG_WARN_QUOTED_INCLUDE_IN_FRAMEWORK_HEADER = YES;
				CLANG_WARN_RANGE_LOOP_ANALYSIS = YES;
				CLANG_WARN_STRICT_PROTOTYPES = YES;
				CLANG_WARN_SUSPICIOUS_MOVE = YES;
				CLANG_WARN_UNGUARDED_AVAILABILITY = YES_AGGRESSIVE;
				CLANG_WARN_UNREACHABLE_CODE = YES;
				CLANG_WARN__DUPLICATE_METHOD_MATCH = YES;
				COPY_PHASE_STRIP = NO;
				DEBUG_INFORMATION_FORMAT = dwarf;
				ENABLE_STRICT_OBJC_MSGSEND = YES;
				ENABLE_TESTABILITY = YES;
				GCC_C_LANGUAGE_STANDARD = gnu11;
				GCC_DYNAMIC_NO_PIC = NO;
				GCC_NO_COMMON_BLOCKS = YES;
				GCC_OPTIMIZATION_LEVEL = 0;
				GCC_PREPROCESSOR_DEFINITIONS = (
					"DEBUG=1",
					"$(inherited)",
				);
				GCC_WARN_64_TO_32_BIT_CONVERSION = YES;
				GCC_WARN_ABOUT_RETURN_TYPE = YES_ERROR;
				GCC_WARN_UNDECLARED_SELECTOR = YES;
				GCC_WARN_UNINITIALIZED_AUTOS = YES_AGGRESSIVE;
				GCC_WARN_UNUSED_FUNCTION = YES;
				GCC_WARN_UNUSED_VARIABLE = YES;
				IPHONEOS_DEPLOYMENT_TARGET = 15.2;
				MTL_ENABLE_DEBUG_INFO = INCLUDE_SOURCE;
				MTL_FAST_MATH = YES;
				ONLY_ACTIVE_ARCH = YES;
				SDKROOT = iphoneos;
				SWIFT_ACTIVE_COMPILATION_CONDITIONS = DEBUG;
				SWIFT_OPTIMIZATION_LEVEL = "-Onone";
			};
			name = Debug;
		};
		138B01612797B67D008F558A /* Release */ = {
			isa = XCBuildConfiguration;
			buildSettings = {
				ALWAYS_SEARCH_USER_PATHS = NO;
				CLANG_ANALYZER_NONNULL = YES;
				CLANG_ANALYZER_NUMBER_OBJECT_CONVERSION = YES_AGGRESSIVE;
				CLANG_CXX_LANGUAGE_STANDARD = "gnu++17";
				CLANG_CXX_LIBRARY = "libc++";
				CLANG_ENABLE_MODULES = YES;
				CLANG_ENABLE_OBJC_ARC = YES;
				CLANG_ENABLE_OBJC_WEAK = YES;
				CLANG_WARN_BLOCK_CAPTURE_AUTORELEASING = YES;
				CLANG_WARN_BOOL_CONVERSION = YES;
				CLANG_WARN_COMMA = YES;
				CLANG_WARN_CONSTANT_CONVERSION = YES;
				CLANG_WARN_DEPRECATED_OBJC_IMPLEMENTATIONS = YES;
				CLANG_WARN_DIRECT_OBJC_ISA_USAGE = YES_ERROR;
				CLANG_WARN_DOCUMENTATION_COMMENTS = YES;
				CLANG_WARN_EMPTY_BODY = YES;
				CLANG_WARN_ENUM_CONVERSION = YES;
				CLANG_WARN_INFINITE_RECURSION = YES;
				CLANG_WARN_INT_CONVERSION = YES;
				CLANG_WARN_NON_LITERAL_NULL_CONVERSION = YES;
				CLANG_WARN_OBJC_IMPLICIT_RETAIN_SELF = YES;
				CLANG_WARN_OBJC_LITERAL_CONVERSION = YES;
				CLANG_WARN_OBJC_ROOT_CLASS = YES_ERROR;
				CLANG_WARN_QUOTED_INCLUDE_IN_FRAMEWORK_HEADER = YES;
				CLANG_WARN_RANGE_LOOP_ANALYSIS = YES;
				CLANG_WARN_STRICT_PROTOTYPES = YES;
				CLANG_WARN_SUSPICIOUS_MOVE = YES;
				CLANG_WARN_UNGUARDED_AVAILABILITY = YES_AGGRESSIVE;
				CLANG_WARN_UNREACHABLE_CODE = YES;
				CLANG_WARN__DUPLICATE_METHOD_MATCH = YES;
				COPY_PHASE_STRIP = NO;
				DEBUG_INFORMATION_FORMAT = "dwarf-with-dsym";
				ENABLE_NS_ASSERTIONS = NO;
				ENABLE_STRICT_OBJC_MSGSEND = YES;
				GCC_C_LANGUAGE_STANDARD = gnu11;
				GCC_NO_COMMON_BLOCKS = YES;
				GCC_WARN_64_TO_32_BIT_CONVERSION = YES;
				GCC_WARN_ABOUT_RETURN_TYPE = YES_ERROR;
				GCC_WARN_UNDECLARED_SELECTOR = YES;
				GCC_WARN_UNINITIALIZED_AUTOS = YES_AGGRESSIVE;
				GCC_WARN_UNUSED_FUNCTION = YES;
				GCC_WARN_UNUSED_VARIABLE = YES;
				IPHONEOS_DEPLOYMENT_TARGET = 15.2;
				MTL_ENABLE_DEBUG_INFO = NO;
				MTL_FAST_MATH = YES;
				SDKROOT = iphoneos;
				SWIFT_COMPILATION_MODE = wholemodule;
				SWIFT_OPTIMIZATION_LEVEL = "-O";
				VALIDATE_PRODUCT = YES;
			};
			name = Release;
		};
		138B01632797B67D008F558A /* Debug */ = {
			isa = XCBuildConfiguration;
			buildSettings = {
				ASSETCATALOG_COMPILER_APPICON_NAME = AppIcon;
				ASSETCATALOG_COMPILER_GLOBAL_ACCENT_COLOR_NAME = AccentColor;
				CODE_SIGN_STYLE = Automatic;
				CURRENT_PROJECT_VERSION = 1;
				DEVELOPMENT_TEAM = 9P49UTYHH6;
				GENERATE_INFOPLIST_FILE = YES;
				INFOPLIST_FILE = OtoTest/Info.plist;
				INFOPLIST_KEY_UIApplicationSupportsIndirectInputEvents = YES;
				INFOPLIST_KEY_UILaunchStoryboardName = LaunchScreen;
				INFOPLIST_KEY_UIMainStoryboardFile = ListPost;
				INFOPLIST_KEY_UISupportedInterfaceOrientations = UIInterfaceOrientationPortrait;
				INFOPLIST_KEY_UISupportedInterfaceOrientations_iPad = "UIInterfaceOrientationPortrait UIInterfaceOrientationPortraitUpsideDown UIInterfaceOrientationLandscapeLeft UIInterfaceOrientationLandscapeRight";
				INFOPLIST_KEY_UISupportedInterfaceOrientations_iPhone = "UIInterfaceOrientationPortrait UIInterfaceOrientationLandscapeLeft UIInterfaceOrientationLandscapeRight";
				LD_RUNPATH_SEARCH_PATHS = (
					"$(inherited)",
					"@executable_path/Frameworks",
				);
				MARKETING_VERSION = 1.0;
				PRODUCT_BUNDLE_IDENTIFIER = id.infinitelearning.OtoTest;
				PRODUCT_NAME = "$(TARGET_NAME)";
				SWIFT_EMIT_LOC_STRINGS = YES;
				SWIFT_VERSION = 5.0;
				TARGETED_DEVICE_FAMILY = "1,2";
			};
			name = Debug;
		};
		138B01642797B67D008F558A /* Release */ = {
			isa = XCBuildConfiguration;
			buildSettings = {
				ASSETCATALOG_COMPILER_APPICON_NAME = AppIcon;
				ASSETCATALOG_COMPILER_GLOBAL_ACCENT_COLOR_NAME = AccentColor;
				CODE_SIGN_STYLE = Automatic;
				CURRENT_PROJECT_VERSION = 1;
				DEVELOPMENT_TEAM = 9P49UTYHH6;
				GENERATE_INFOPLIST_FILE = YES;
				INFOPLIST_FILE = OtoTest/Info.plist;
				INFOPLIST_KEY_UIApplicationSupportsIndirectInputEvents = YES;
				INFOPLIST_KEY_UILaunchStoryboardName = LaunchScreen;
				INFOPLIST_KEY_UIMainStoryboardFile = ListPost;
				INFOPLIST_KEY_UISupportedInterfaceOrientations = UIInterfaceOrientationPortrait;
				INFOPLIST_KEY_UISupportedInterfaceOrientations_iPad = "UIInterfaceOrientationPortrait UIInterfaceOrientationPortraitUpsideDown UIInterfaceOrientationLandscapeLeft UIInterfaceOrientationLandscapeRight";
				INFOPLIST_KEY_UISupportedInterfaceOrientations_iPhone = "UIInterfaceOrientationPortrait UIInterfaceOrientationLandscapeLeft UIInterfaceOrientationLandscapeRight";
				LD_RUNPATH_SEARCH_PATHS = (
					"$(inherited)",
					"@executable_path/Frameworks",
				);
				MARKETING_VERSION = 1.0;
				PRODUCT_BUNDLE_IDENTIFIER = id.infinitelearning.OtoTest;
				PRODUCT_NAME = "$(TARGET_NAME)";
				SWIFT_EMIT_LOC_STRINGS = YES;
				SWIFT_VERSION = 5.0;
				TARGETED_DEVICE_FAMILY = "1,2";
			};
			name = Release;
		};
		138B01662797B67D008F558A /* Debug */ = {
			isa = XCBuildConfiguration;
			buildSettings = {
				ALWAYS_EMBED_SWIFT_STANDARD_LIBRARIES = YES;
				BUNDLE_LOADER = "$(TEST_HOST)";
				CODE_SIGN_STYLE = Automatic;
				CURRENT_PROJECT_VERSION = 1;
				DEVELOPMENT_TEAM = 9P49UTYHH6;
				GENERATE_INFOPLIST_FILE = YES;
				IPHONEOS_DEPLOYMENT_TARGET = 15.2;
				MARKETING_VERSION = 1.0;
				PRODUCT_BUNDLE_IDENTIFIER = id.infinitelearning.OtoTestTests;
				PRODUCT_NAME = "$(TARGET_NAME)";
				SWIFT_EMIT_LOC_STRINGS = NO;
				SWIFT_VERSION = 5.0;
				TARGETED_DEVICE_FAMILY = "1,2";
				TEST_HOST = "$(BUILT_PRODUCTS_DIR)/OtoTest.app/OtoTest";
			};
			name = Debug;
		};
		138B01672797B67D008F558A /* Release */ = {
			isa = XCBuildConfiguration;
			buildSettings = {
				ALWAYS_EMBED_SWIFT_STANDARD_LIBRARIES = YES;
				BUNDLE_LOADER = "$(TEST_HOST)";
				CODE_SIGN_STYLE = Automatic;
				CURRENT_PROJECT_VERSION = 1;
				DEVELOPMENT_TEAM = 9P49UTYHH6;
				GENERATE_INFOPLIST_FILE = YES;
				IPHONEOS_DEPLOYMENT_TARGET = 15.2;
				MARKETING_VERSION = 1.0;
				PRODUCT_BUNDLE_IDENTIFIER = id.infinitelearning.OtoTestTests;
				PRODUCT_NAME = "$(TARGET_NAME)";
				SWIFT_EMIT_LOC_STRINGS = NO;
				SWIFT_VERSION = 5.0;
				TARGETED_DEVICE_FAMILY = "1,2";
				TEST_HOST = "$(BUILT_PRODUCTS_DIR)/OtoTest.app/OtoTest";
			};
			name = Release;
		};
		138B01692797B67D008F558A /* Debug */ = {
			isa = XCBuildConfiguration;
			buildSettings = {
				ALWAYS_EMBED_SWIFT_STANDARD_LIBRARIES = YES;
				CODE_SIGN_STYLE = Automatic;
				CURRENT_PROJECT_VERSION = 1;
				DEVELOPMENT_TEAM = 9P49UTYHH6;
				GENERATE_INFOPLIST_FILE = YES;
				MARKETING_VERSION = 1.0;
				PRODUCT_BUNDLE_IDENTIFIER = id.infinitelearning.OtoTestUITests;
				PRODUCT_NAME = "$(TARGET_NAME)";
				SWIFT_EMIT_LOC_STRINGS = NO;
				SWIFT_VERSION = 5.0;
				TARGETED_DEVICE_FAMILY = "1,2";
				TEST_TARGET_NAME = OtoTest;
			};
			name = Debug;
		};
		138B016A2797B67D008F558A /* Release */ = {
			isa = XCBuildConfiguration;
			buildSettings = {
				ALWAYS_EMBED_SWIFT_STANDARD_LIBRARIES = YES;
				CODE_SIGN_STYLE = Automatic;
				CURRENT_PROJECT_VERSION = 1;
				DEVELOPMENT_TEAM = 9P49UTYHH6;
				GENERATE_INFOPLIST_FILE = YES;
				MARKETING_VERSION = 1.0;
				PRODUCT_BUNDLE_IDENTIFIER = id.infinitelearning.OtoTestUITests;
				PRODUCT_NAME = "$(TARGET_NAME)";
				SWIFT_EMIT_LOC_STRINGS = NO;
				SWIFT_VERSION = 5.0;
				TARGETED_DEVICE_FAMILY = "1,2";
				TEST_TARGET_NAME = OtoTest;
			};
			name = Release;
		};
/* End XCBuildConfiguration section */

/* Begin XCConfigurationList section */
		138B01302797B67B008F558A /* Build configuration list for PBXProject "OtoTest" */ = {
			isa = XCConfigurationList;
			buildConfigurations = (
				138B01602797B67D008F558A /* Debug */,
				138B01612797B67D008F558A /* Release */,
			);
			defaultConfigurationIsVisible = 0;
			defaultConfigurationName = Release;
		};
		138B01622797B67D008F558A /* Build configuration list for PBXNativeTarget "OtoTest" */ = {
			isa = XCConfigurationList;
			buildConfigurations = (
				138B01632797B67D008F558A /* Debug */,
				138B01642797B67D008F558A /* Release */,
			);
			defaultConfigurationIsVisible = 0;
			defaultConfigurationName = Release;
		};
		138B01652797B67D008F558A /* Build configuration list for PBXNativeTarget "OtoTestTests" */ = {
			isa = XCConfigurationList;
			buildConfigurations = (
				138B01662797B67D008F558A /* Debug */,
				138B01672797B67D008F558A /* Release */,
			);
			defaultConfigurationIsVisible = 0;
			defaultConfigurationName = Release;
		};
		138B01682797B67D008F558A /* Build configuration list for PBXNativeTarget "OtoTestUITests" */ = {
			isa = XCConfigurationList;
			buildConfigurations = (
				138B01692797B67D008F558A /* Debug */,
				138B016A2797B67D008F558A /* Release */,
			);
			defaultConfigurationIsVisible = 0;
			defaultConfigurationName = Release;
		};
/* End XCConfigurationList section */

/* Begin XCVersionGroup section */
		138B01412797B67B008F558A /* OtoTest.xcdatamodeld */ = {
			isa = XCVersionGroup;
			children = (
				138B01422797B67B008F558A /* OtoTest.xcdatamodel */,
			);
			currentVersion = 138B01422797B67B008F558A /* OtoTest.xcdatamodel */;
			path = OtoTest.xcdatamodeld;
			sourceTree = "<group>";
			versionGroupType = wrapper.xcdatamodel;
		};
/* End XCVersionGroup section */
	};
	rootObject = 138B012D2797B67B008F558A /* Project object */;
}
